<?xml version="1.0" encoding="utf-8"?>
<Project ToolsVersion="4.0" xmlns="http://schemas.microsoft.com/developer/msbuild/2003">
  <ItemGroup>
    <Filter Include="Source Files">
      <UniqueIdentifier>{4FC737F1-C7A5-4376-A066-2A32D752A2FF}</UniqueIdentifier>
      <Extensions>cpp;c;cc;cxx;def;odl;idl;hpj;bat;asm;asmx</Extensions>
    </Filter>
    <Filter Include="Header Files">
      <UniqueIdentifier>{93995380-89BD-4b04-88EB-625FBE52EBFB}</UniqueIdentifier>
      <Extensions>h;hh;hpp;hxx;hm;inl;inc;ipp;xsd</Extensions>
    </Filter>
    <Filter Include="Resource Files">
      <UniqueIdentifier>{67DA6AB6-F800-4c08-8B7A-83BB121AAD01}</UniqueIdentifier>
      <Extensions>rc;ico;cur;bmp;dlg;rc2;rct;bin;rgs;gif;jpg;jpeg;jpe;resx;tiff;tif;png;wav;mfcribbon-ms</Extensions>
    </Filter>
    <Filter Include="Source Files\Models">
      <UniqueIdentifier>{a9a8a75f-e669-42ec-9625-807b2450c77c}</UniqueIdentifier>
    </Filter>
    <Filter Include="Header Files\Models">
      <UniqueIdentifier>{995105cb-0553-4960-aae7-d3555fd48ec9}</UniqueIdentifier>
    </Filter>
    <Filter Include="Header Files\Managers">
      <UniqueIdentifier>{cd118257-94ee-4147-ab64-de3881604cd2}</UniqueIdentifier>
    </Filter>
    <Filter Include="Source Files\Managers">
      <UniqueIdentifier>{ac0b8a2b-0eca-4100-9b21-f6a4389d88b4}</UniqueIdentifier>
    </Filter>
    <Filter Include="Source Files\Views">
      <UniqueIdentifier>{5b84403c-bc62-4004-abc6-c63eb735b36f}</UniqueIdentifier>
    </Filter>
    <Filter Include="Header Files\Views">
      <UniqueIdentifier>{e45757ac-7a46-4a76-b1cb-4b75ec6da36c}</UniqueIdentifier>
    </Filter>
    <Filter Include="Source Files\Services">
      <UniqueIdentifier>{f9d1087f-4b97-49bd-bddb-9b7e8c659cef}</UniqueIdentifier>
    </Filter>
    <Filter Include="Header Files\Services">
      <UniqueIdentifier>{807b50ab-7ea2-4764-bc87-006f9949b677}</UniqueIdentifier>
    </Filter>
    <Filter Include="Header Files\Models\Game">
      <UniqueIdentifier>{27c3a7fb-eef8-4a90-911a-c71b1c46291e}</UniqueIdentifier>
    </Filter>
    <Filter Include="Header Files\Models\Game\Items">
      <UniqueIdentifier>{7c363569-6419-422e-918a-8db476d5d033}</UniqueIdentifier>
    </Filter>
    <Filter Include="Source Files\Models\Game">
      <UniqueIdentifier>{22dc6a77-2f59-41aa-ba82-d3d9fda4588f}</UniqueIdentifier>
    </Filter>
    <Filter Include="Header Files\Models\Collections">
      <UniqueIdentifier>{eb808b89-2b55-4cf8-b617-f0ea1ba5f784}</UniqueIdentifier>
    </Filter>
    <Filter Include="Header Files\Services\Generators">
      <UniqueIdentifier>{6a102177-6570-49ec-8b02-4bcee65f9b74}</UniqueIdentifier>
    </Filter>
    <Filter Include="Source Files\Services\Generators">
      <UniqueIdentifier>{79108d2b-beff-4d34-922f-125018041abe}</UniqueIdentifier>
    </Filter>
    <Filter Include="Header Files\Models\Game\Dungeon">
      <UniqueIdentifier>{95e1879d-a9ce-42d6-8018-62227fa89550}</UniqueIdentifier>
    </Filter>
    <Filter Include="Source Files\Models\Game\Dungeon">
      <UniqueIdentifier>{4e84f1ef-f996-43b8-b579-2994b767b68f}</UniqueIdentifier>
    </Filter>
    <Filter Include="Source Files\Models\Game\Items">
      <UniqueIdentifier>{ba94dfca-cdfa-4703-9bdc-8749fbcde37d}</UniqueIdentifier>
    </Filter>
  </ItemGroup>
  <ItemGroup>
    <ClCompile Include="main.cpp">
      <Filter>Source Files</Filter>
    </ClCompile>
    <ClCompile Include="GameManager.cpp">
      <Filter>Source Files\Managers</Filter>
    </ClCompile>
    <ClCompile Include="ViewManager.cpp">
      <Filter>Source Files\Managers</Filter>
    </ClCompile>
    <ClCompile Include="mainview.cpp">
      <Filter>Source Files\Views</Filter>
    </ClCompile>
    <ClCompile Include="gamestate.cpp">
      <Filter>Source Files\Managers</Filter>
    </ClCompile>
    <ClCompile Include="view.cpp">
      <Filter>Source Files\Views</Filter>
    </ClCompile>
    <ClCompile Include="gamecontext.cpp">
      <Filter>Source Files\Managers</Filter>
    </ClCompile>
    <ClCompile Include="filereader.cpp">
      <Filter>Source Files\Services</Filter>
    </ClCompile>
    <ClCompile Include="stringutil.cpp">
      <Filter>Source Files\Services</Filter>
    </ClCompile>
    <ClCompile Include="Player.cpp">
      <Filter>Source Files\Models\Game</Filter>
    </ClCompile>
    <ClCompile Include="roomview.cpp">
      <Filter>Source Files\Views</Filter>
    </ClCompile>
    <ClCompile Include="dungeongenerator.cpp">
      <Filter>Source Files\Services\Generators</Filter>
    </ClCompile>
    <ClCompile Include="monstergenerator.cpp">
      <Filter>Source Files\Services\Generators</Filter>
    </ClCompile>
    <ClCompile Include="room.cpp">
      <Filter>Source Files\Models\Game\Dungeon</Filter>
    </ClCompile>
    <ClCompile Include="roomgenerator.cpp">
      <Filter>Source Files\Services\Generators</Filter>
    </ClCompile>
    <ClCompile Include="dungeon.cpp">
      <Filter>Source Files\Models\Game\Dungeon</Filter>
    </ClCompile>
    <ClCompile Include="creditsview.cpp">
      <Filter>Source Files\Views</Filter>
    </ClCompile>
    <ClCompile Include="characterview.cpp">
      <Filter>Source Files\Views</Filter>
    </ClCompile>
    <ClCompile Include="combatview.cpp">
      <Filter>Source Files\Views</Filter>
    </ClCompile>
    <ClCompile Include="inventoryview.cpp">
      <Filter>Source Files\Views</Filter>
    </ClCompile>
    <ClCompile Include="mapview.cpp">
      <Filter>Source Files\Views</Filter>
    </ClCompile>
    <ClCompile Include="charactercreationview.cpp">
      <Filter>Source Files\Views</Filter>
    </ClCompile>
    <ClCompile Include="item.cpp">
      <Filter>Source Files\Models\Game\Items</Filter>
    </ClCompile>
    <ClCompile Include="coord.cpp">
      <Filter>Source Files\Models\Game\Dungeon</Filter>
    </ClCompile>
    <ClCompile Include="weapon.cpp">
      <Filter>Source Files\Models\Game\Items</Filter>
    </ClCompile>
    <ClCompile Include="consumable.cpp">
      <Filter>Source Files\Models\Game\Items</Filter>
    </ClCompile>
    <ClCompile Include="itemgenerator.cpp">
      <Filter>Source Files\Services\Generators</Filter>
    </ClCompile>
    <ClCompile Include="exitview.cpp">
      <Filter>Source Files\Views</Filter>
    </ClCompile>
    <ClCompile Include="dungeoncreationview.cpp">
      <Filter>Source Files\Views</Filter>
    </ClCompile>
    <ClCompile Include="gameconfig.cpp">
      <Filter>Source Files\Managers</Filter>
    </ClCompile>
    <ClCompile Include="random.cpp">
      <Filter>Source Files\Services</Filter>
    </ClCompile>
  </ItemGroup>
  <ItemGroup>
    <ClInclude Include="GameManager.h">
      <Filter>Header Files\Managers</Filter>
    </ClInclude>
    <ClInclude Include="ViewManager.h">
      <Filter>Header Files\Managers</Filter>
    </ClInclude>
    <ClInclude Include="view.h">
      <Filter>Header Files\Views</Filter>
    </ClInclude>
    <ClInclude Include="mainview.h">
      <Filter>Header Files\Views</Filter>
    </ClInclude>
    <ClInclude Include="gamestate.h">
      <Filter>Header Files\Managers</Filter>
    </ClInclude>
    <ClInclude Include="gamecontext.h">
      <Filter>Header Files\Managers</Filter>
    </ClInclude>
    <ClInclude Include="filereader.h">
      <Filter>Header Files\Services</Filter>
    </ClInclude>
    <ClInclude Include="stringutil.h">
      <Filter>Header Files\Services</Filter>
    </ClInclude>
    <ClInclude Include="item.h">
      <Filter>Header Files\Models\Game\Items</Filter>
    </ClInclude>
    <ClInclude Include="player.h">
      <Filter>Header Files\Models\Game</Filter>
    </ClInclude>
    <ClInclude Include="roomview.h">
      <Filter>Header Files\Views</Filter>
    </ClInclude>
    <ClInclude Include="mapview.h">
      <Filter>Header Files\Views</Filter>
    </ClInclude>
    <ClInclude Include="inventoryview.h">
      <Filter>Header Files\Views</Filter>
    </ClInclude>
    <ClInclude Include="combatview.h">
      <Filter>Header Files\Views</Filter>
    </ClInclude>
    <ClInclude Include="dungeongenerator.h">
      <Filter>Header Files\Services\Generators</Filter>
    </ClInclude>
    <ClInclude Include="monstergenerator.h">
      <Filter>Header Files\Services\Generators</Filter>
    </ClInclude>
    <ClInclude Include="stack.h">
      <Filter>Header Files\Models\Collections</Filter>
    </ClInclude>
    <ClInclude Include="dungeon.h">
      <Filter>Header Files\Models\Game\Dungeon</Filter>
    </ClInclude>
    <ClInclude Include="room.h">
      <Filter>Header Files\Models\Game\Dungeon</Filter>
    </ClInclude>
    <ClInclude Include="roomgenerator.h">
      <Filter>Header Files\Services\Generators</Filter>
    </ClInclude>
    <ClInclude Include="array.h">
      <Filter>Header Files\Models\Collections</Filter>
    </ClInclude>
    <ClInclude Include="ptrarray.h">
      <Filter>Header Files\Models\Collections</Filter>
    </ClInclude>
    <ClInclude Include="characterview.h">
      <Filter>Header Files\Views</Filter>
    </ClInclude>
    <ClInclude Include="creditsview.h">
      <Filter>Header Files\Views</Filter>
    </ClInclude>
    <ClInclude Include="charactercreationview.h">
      <Filter>Header Files\Views</Filter>
    </ClInclude>
    <ClInclude Include="coord.h">
      <Filter>Header Files\Models\Game\Dungeon</Filter>
    </ClInclude>
    <ClInclude Include="weapon.h">
      <Filter>Header Files\Models\Game\Items</Filter>
    </ClInclude>
    <ClInclude Include="consumable.h">
      <Filter>Header Files\Models\Game\Items</Filter>
    </ClInclude>
    <ClInclude Include="itemgenerator.h">
      <Filter>Header Files\Services\Generators</Filter>
    </ClInclude>
    <ClInclude Include="exitview.h">
      <Filter>Header Files\Views</Filter>
    </ClInclude>
    <ClInclude Include="dungeoncreationview.h">
      <Filter>Header Files\Views</Filter>
    </ClInclude>
    <ClInclude Include="gameconfig.h">
      <Filter>Header Files\Managers</Filter>
    </ClInclude>
    <ClInclude Include="set.h">
      <Filter>Header Files\Models\Collections</Filter>
    </ClInclude>
    <ClInclude Include="random.h">
      <Filter>Header Files\Services</Filter>
    </ClInclude>
  </ItemGroup>
  <ItemGroup>
    <Text Include="monsters.txt">
      <Filter>Resource Files</Filter>
    </Text>
  </ItemGroup>
</Project>